
Microsoft Visual Studio Solution File, Format Version 12.00
# Visual Studio Version 16
VisualStudioVersion = 16.0.31911.196
MinimumVisualStudioVersion = 10.0.40219.1
Project("{FAE04EC0-301F-11D3-BF4B-00C04F79EFBC}") = "Lab18 - WpfApp", "Lab18 - WpfApp.csproj", "{6A7EE1E2-BB66-4727-AEE3-5AD0F442A0D8}"
EndProject
Global
	GlobalSection(SolutionConfigurationPlatforms) = preSolution
		Debug|Any CPU = Debug|Any CPU
		Release|Any CPU = Release|Any CPU
	EndGlobalSection
	GlobalSection(ProjectConfigurationPlatforms) = postSolution
		{6A7EE1E2-BB66-4727-AEE3-5AD0F442A0D8}.Debug|Any CPU.ActiveCfg = Debug|Any CPU
		{6A7EE1E2-BB66-4727-AEE3-5AD0F442A0D8}.Debug|Any CPU.Build.0 = Debug|Any CPU
		{6A7EE1E2-BB66-4727-AEE3-5AD0F442A0D8}.Release|Any CPU.ActiveCfg = Release|Any CPU
		{6A7EE1E2-BB66-4727-AEE3-5AD0F442A0D8}.Release|Any CPU.Build.0 = Release|Any CPU
	EndGlobalSection
	GlobalSection(SolutionProperties) = preSolution
		HideSolutionNode = FALSE
	EndGlobalSection
	GlobalSection(ExtensibilityGlobals) = postSolution
		SolutionGuid = {75894CD8-85A0-4952-84CA-638A0C93EA49}
	EndGlobalSection
EndGlobal
